
Microsoft Visual Studio Solution File, Format Version 12.00
# Visual Studio Version 17
VisualStudioVersion = 17.11.35219.272
MinimumVisualStudioVersion = 10.0.40219.1
Project("{FAE04EC0-301F-11D3-BF4B-00C04F79EFBC}") = "EFWebApi", "EFWebApi\EFWebApi.csproj", "{1169DB25-00B5-4FB0-9961-90D454005038}"
EndProject
Global
	GlobalSection(SolutionConfigurationPlatforms) = preSolution
		Debug|Any CPU = Debug|Any CPU
		Release|Any CPU = Release|Any CPU
	EndGlobalSection
	GlobalSection(ProjectConfigurationPlatforms) = postSolution
		{1169DB25-00B5-4FB0-9961-90D454005038}.Debug|Any CPU.ActiveCfg = Debug|Any CPU
		{1169DB25-00B5-4FB0-9961-90D454005038}.Debug|Any CPU.Build.0 = Debug|Any CPU
		{1169DB25-00B5-4FB0-9961-90D454005038}.Release|Any CPU.ActiveCfg = Release|Any CPU
		{1169DB25-00B5-4FB0-9961-90D454005038}.Release|Any CPU.Build.0 = Release|Any CPU
	EndGlobalSection
	GlobalSection(SolutionProperties) = preSolution
		HideSolutionNode = FALSE
	EndGlobalSection
	GlobalSection(ExtensibilityGlobals) = postSolution
		SolutionGuid = {DC0A783F-7D18-40D3-9E04-E1963EAA6442}
	EndGlobalSection
EndGlobal
