
Microsoft Visual Studio Solution File, Format Version 12.00
# Visual Studio Version 17
VisualStudioVersion = 17.11.35219.272
MinimumVisualStudioVersion = 10.0.40219.1
Project("{FAE04EC0-301F-11D3-BF4B-00C04F79EFBC}") = "EFWebApi", "EFWebApi\EFWebApi.csproj", "{30C4E1DE-EBD8-4E0C-9A4B-38DABABEAD01}"
EndProject
Global
	GlobalSection(SolutionConfigurationPlatforms) = preSolution
		Debug|Any CPU = Debug|Any CPU
		Release|Any CPU = Release|Any CPU
	EndGlobalSection
	GlobalSection(ProjectConfigurationPlatforms) = postSolution
		{30C4E1DE-EBD8-4E0C-9A4B-38DABABEAD01}.Debug|Any CPU.ActiveCfg = Debug|Any CPU
		{30C4E1DE-EBD8-4E0C-9A4B-38DABABEAD01}.Debug|Any CPU.Build.0 = Debug|Any CPU
		{30C4E1DE-EBD8-4E0C-9A4B-38DABABEAD01}.Release|Any CPU.ActiveCfg = Release|Any CPU
		{30C4E1DE-EBD8-4E0C-9A4B-38DABABEAD01}.Release|Any CPU.Build.0 = Release|Any CPU
	EndGlobalSection
	GlobalSection(SolutionProperties) = preSolution
		HideSolutionNode = FALSE
	EndGlobalSection
	GlobalSection(ExtensibilityGlobals) = postSolution
		SolutionGuid = {981DDEFD-DB1F-4977-BE62-6F7DCB17057E}
	EndGlobalSection
EndGlobal
