
Microsoft Visual Studio Solution File, Format Version 12.00
# Visual Studio Version 17
VisualStudioVersion = 17.11.35219.272
MinimumVisualStudioVersion = 10.0.40219.1
Project("{FAE04EC0-301F-11D3-BF4B-00C04F79EFBC}") = "EFWebAPI", "EFWebAPI\EFWebAPI.csproj", "{8CCDA3CA-8AFB-44CF-9D4D-8319EC8189AB}"
EndProject
Global
	GlobalSection(SolutionConfigurationPlatforms) = preSolution
		Debug|Any CPU = Debug|Any CPU
		Release|Any CPU = Release|Any CPU
	EndGlobalSection
	GlobalSection(ProjectConfigurationPlatforms) = postSolution
		{8CCDA3CA-8AFB-44CF-9D4D-8319EC8189AB}.Debug|Any CPU.ActiveCfg = Debug|Any CPU
		{8CCDA3CA-8AFB-44CF-9D4D-8319EC8189AB}.Debug|Any CPU.Build.0 = Debug|Any CPU
		{8CCDA3CA-8AFB-44CF-9D4D-8319EC8189AB}.Release|Any CPU.ActiveCfg = Release|Any CPU
		{8CCDA3CA-8AFB-44CF-9D4D-8319EC8189AB}.Release|Any CPU.Build.0 = Release|Any CPU
	EndGlobalSection
	GlobalSection(SolutionProperties) = preSolution
		HideSolutionNode = FALSE
	EndGlobalSection
	GlobalSection(ExtensibilityGlobals) = postSolution
		SolutionGuid = {8A56DC96-D457-4CA6-9574-54BA5972A4CB}
	EndGlobalSection
EndGlobal
