
Microsoft Visual Studio Solution File, Format Version 12.00
# Visual Studio Version 17
VisualStudioVersion = 17.11.35219.272
MinimumVisualStudioVersion = 10.0.40219.1
Project("{FAE04EC0-301F-11D3-BF4B-00C04F79EFBC}") = "ProduccionWebApi", "ProduccionWebApi\ProduccionWebApi.csproj", "{AA27C03E-CA82-4DAE-BA66-1581B271B241}"
EndProject
Project("{FAE04EC0-301F-11D3-BF4B-00C04F79EFBC}") = "ProduccionBack", "ProduccionBack\ProduccionBack.csproj", "{7C694A95-9322-4779-9D40-5FEC0850E8E1}"
EndProject
Global
	GlobalSection(SolutionConfigurationPlatforms) = preSolution
		Debug|Any CPU = Debug|Any CPU
		Release|Any CPU = Release|Any CPU
	EndGlobalSection
	GlobalSection(ProjectConfigurationPlatforms) = postSolution
		{AA27C03E-CA82-4DAE-BA66-1581B271B241}.Debug|Any CPU.ActiveCfg = Debug|Any CPU
		{AA27C03E-CA82-4DAE-BA66-1581B271B241}.Debug|Any CPU.Build.0 = Debug|Any CPU
		{AA27C03E-CA82-4DAE-BA66-1581B271B241}.Release|Any CPU.ActiveCfg = Release|Any CPU
		{AA27C03E-CA82-4DAE-BA66-1581B271B241}.Release|Any CPU.Build.0 = Release|Any CPU
		{7C694A95-9322-4779-9D40-5FEC0850E8E1}.Debug|Any CPU.ActiveCfg = Debug|Any CPU
		{7C694A95-9322-4779-9D40-5FEC0850E8E1}.Debug|Any CPU.Build.0 = Debug|Any CPU
		{7C694A95-9322-4779-9D40-5FEC0850E8E1}.Release|Any CPU.ActiveCfg = Release|Any CPU
		{7C694A95-9322-4779-9D40-5FEC0850E8E1}.Release|Any CPU.Build.0 = Release|Any CPU
	EndGlobalSection
	GlobalSection(SolutionProperties) = preSolution
		HideSolutionNode = FALSE
	EndGlobalSection
	GlobalSection(ExtensibilityGlobals) = postSolution
		SolutionGuid = {522DB4FF-C276-4EFE-AFF4-092314A6DDEF}
	EndGlobalSection
EndGlobal
