
Microsoft Visual Studio Solution File, Format Version 12.00
# Visual Studio Version 17
VisualStudioVersion = 17.10.35027.167
MinimumVisualStudioVersion = 10.0.40219.1
Project("{FAE04EC0-301F-11D3-BF4B-00C04F79EFBC}") = "EFWebApi", "EFWebApi.csproj", "{11EF0183-AB3D-4EC8-8B3F-117D5935D8CB}"
EndProject
Global
	GlobalSection(SolutionConfigurationPlatforms) = preSolution
		Debug|Any CPU = Debug|Any CPU
		Release|Any CPU = Release|Any CPU
	EndGlobalSection
	GlobalSection(ProjectConfigurationPlatforms) = postSolution
		{11EF0183-AB3D-4EC8-8B3F-117D5935D8CB}.Debug|Any CPU.ActiveCfg = Debug|Any CPU
		{11EF0183-AB3D-4EC8-8B3F-117D5935D8CB}.Debug|Any CPU.Build.0 = Debug|Any CPU
		{11EF0183-AB3D-4EC8-8B3F-117D5935D8CB}.Release|Any CPU.ActiveCfg = Release|Any CPU
		{11EF0183-AB3D-4EC8-8B3F-117D5935D8CB}.Release|Any CPU.Build.0 = Release|Any CPU
	EndGlobalSection
	GlobalSection(SolutionProperties) = preSolution
		HideSolutionNode = FALSE
	EndGlobalSection
	GlobalSection(ExtensibilityGlobals) = postSolution
		SolutionGuid = {A597471F-4B73-4779-A7E8-09B2B7E2982E}
	EndGlobalSection
EndGlobal
